PODS:
  - Alamofire (5.8.1)
  - BetterCodable (0.4.0)
  - Cache (6.0.0)
  - CSAPIService (0.0.9):
    - CSAPIService/Cache (= 0.0.9)
    - CSAPIService/Core (= 0.0.9)
    - CSAPIService/Plugin (= 0.0.9)
  - CSAPIService/Cache (0.0.9):
    - Cache (= 6.0.0)
    - CSAPIService/Core
  - CSAPIService/Core (0.0.9):
    - Alamofire (= 5.8.1)
  - CSAPIService/Plugin (0.0.9):
    - CSAPIService/Core
  - SVProgressHUD (2.2.5)

DEPENDENCIES:
  - BetterCodable (= 0.4.0)
  - CSAPIService (from `../`)
  - SVProgressHUD (= 2.2.5)

SPEC REPOS:
  trunk:
    - Alamofire
    - BetterCodable
    - Cache
    - SVProgressHUD

EXTERNAL SOURCES:
  CSAPIService:
    :path: "../"

SPEC CHECKSUMS:
  Alamofire: 3ca42e259043ee0dc5c0cdd76c4bc568b8e42af7
  BetterCodable: 3f2a765c9f4089b19debd2a7b904a69fca0a5fda
  Cache: 4ca7e00363fca5455f26534e5607634c820ffc2d
  CSAPIService: 6031889eae8da5a6f15015722a4616f877fa98da
  SVProgressHUD: 1428aafac632c1f86f62aa4243ec12008d7a51d6

PODFILE CHECKSUM: 62e45b7fc885a52c8f89dd91374dd9c00462aa1e

COCOAPODS: 1.16.2
