PODS:
  - Alamofire (4.9.1)
  - BetterCodable (0.4.0)
  - CSAPIService (0.0.4):
    - Alamofire (= 4.9.1)

DEPENDENCIES:
  - BetterCodable (= 0.4.0)
  - CSAPIService (from `../`)

SPEC REPOS:
  trunk:
    - Alamofire
    - BetterCodable

EXTERNAL SOURCES:
  CSAPIService:
    :path: "../"

SPEC CHECKSUMS:
  Alamofire: 85e8a02c69d6020a0d734f6054870d7ecb75cf18
  BetterCodable: 3f2a765c9f4089b19debd2a7b904a69fca0a5fda
  CSAPIService: 06777312a1901efe1e5b9be1d9ccc1faf827df3f

PODFILE CHECKSUM: 2c461c180dcdaadddaaeecbf12b01abfe27e4c9c

COCOAPODS: 1.11.3
